Microsoft Visual Studio Solution File, Format Version 12.00
# Visual Studio Version 17
VisualStudioVersion = 17.5.2.0
MinimumVisualStudioVersion = 10.0.40219.1
Project("{FAE04EC0-301F-11D3-BF4B-00C04F79EFBC}") = "P4 - Websockets", "P4 - Websockets.csproj", "{9809D776-C7DF-D1D3-5C0F-48A600120F58}"
EndProject
Global
	GlobalSection(SolutionConfigurationPlatforms) = preSolution
		Debug|Any CPU = Debug|Any CPU
		Release|Any CPU = Release|Any CPU
	EndGlobalSection
	GlobalSection(ProjectConfigurationPlatforms) = postSolution
		{9809D776-C7DF-D1D3-5C0F-48A600120F58}.Debug|Any CPU.ActiveCfg = Debug|Any CPU
		{9809D776-C7DF-D1D3-5C0F-48A600120F58}.Debug|Any CPU.Build.0 = Debug|Any CPU
		{9809D776-C7DF-D1D3-5C0F-48A600120F58}.Release|Any CPU.ActiveCfg = Release|Any CPU
		{9809D776-C7DF-D1D3-5C0F-48A600120F58}.Release|Any CPU.Build.0 = Release|Any CPU
	EndGlobalSection
	GlobalSection(SolutionProperties) = preSolution
		HideSolutionNode = FALSE
	EndGlobalSection
	GlobalSection(ExtensibilityGlobals) = postSolution
		SolutionGuid = {BB1597FB-01D2-4F93-8980-6AF338C362C8}
	EndGlobalSection
EndGlobal
